
Microsoft Visual Studio Solution File, Format Version 12.00
# Visual Studio Version 17
VisualStudioVersion = 17.2.32630.192
MinimumVisualStudioVersion = 10.0.40219.1
Project("{FAE04EC0-301F-11D3-BF4B-00C04F79EFBC}") = "CustomerAPI", "CustomerAPI\CustomerAPI.csproj", "{7919F590-A180-4DFE-B9C5-B596F3F3ED01}"
EndProject
Project("{FAE04EC0-301F-11D3-BF4B-00C04F79EFBC}") = "CustomerUI", "CustomerUI\CustomerUI.csproj", "{C91040C2-5846-47EF-80DB-BB7E01B4A379}"
EndProject
Global
	GlobalSection(SolutionConfigurationPlatforms) = preSolution
		Debug|Any CPU = Debug|Any CPU
		Release|Any CPU = Release|Any CPU
	EndGlobalSection
	GlobalSection(ProjectConfigurationPlatforms) = postSolution
		{7919F590-A180-4DFE-B9C5-B596F3F3ED01}.Debug|Any CPU.ActiveCfg = Debug|Any CPU
		{7919F590-A180-4DFE-B9C5-B596F3F3ED01}.Debug|Any CPU.Build.0 = Debug|Any CPU
		{7919F590-A180-4DFE-B9C5-B596F3F3ED01}.Release|Any CPU.ActiveCfg = Release|Any CPU
		{7919F590-A180-4DFE-B9C5-B596F3F3ED01}.Release|Any CPU.Build.0 = Release|Any CPU
		{C91040C2-5846-47EF-80DB-BB7E01B4A379}.Debug|Any CPU.ActiveCfg = Debug|Any CPU
		{C91040C2-5846-47EF-80DB-BB7E01B4A379}.Debug|Any CPU.Build.0 = Debug|Any CPU
		{C91040C2-5846-47EF-80DB-BB7E01B4A379}.Release|Any CPU.ActiveCfg = Release|Any CPU
		{C91040C2-5846-47EF-80DB-BB7E01B4A379}.Release|Any CPU.Build.0 = Release|Any CPU
	EndGlobalSection
	GlobalSection(SolutionProperties) = preSolution
		HideSolutionNode = FALSE
	EndGlobalSection
	GlobalSection(ExtensibilityGlobals) = postSolution
		SolutionGuid = {D4AEAD62-DBFB-40C9-A310-99D2C25B904F}
	EndGlobalSection
EndGlobal
